// !$*UTF8*$!
{
	archiveVersion = 1;
	classes = {
	};
	objectVersion = 56;
	objects = {

/* Begin PBXBuildFile section */
		781BC6EE2B0373DD000D779A /* SeSAC.png in Resources */ = {isa = PBXBuildFile; fileRef = 781BC6ED2B0373DD000D779A /* SeSAC.png */; };
		78C0B6632B026A9400314FE0 /* AppDelegate.swift in Sources */ = {isa = PBXBuildFile; fileRef = 78C0B6622B026A9400314FE0 /* AppDelegate.swift */; };
		78C0B6652B026A9400314FE0 /* SceneDelegate.swift in Sources */ = {isa = PBXBuildFile; fileRef = 78C0B6642B026A9400314FE0 /* SceneDelegate.swift */; };
		78C0B66C2B026A9600314FE0 /* Assets.xcassets in Resources */ = {isa = PBXBuildFile; fileRef = 78C0B66B2B026A9600314FE0 /* Assets.xcassets */; };
		78C0B66F2B026A9600314FE0 /* LaunchScreen.storyboard in Resources */ = {isa = PBXBuildFile; fileRef = 78C0B66D2B026A9600314FE0 /* LaunchScreen.storyboard */; };
		78C0B6812B026D2100314FE0 /* UserDefaultHelper.swift in Sources */ = {isa = PBXBuildFile; fileRef = 78C0B6802B026D2100314FE0 /* UserDefaultHelper.swift */; };
		78C0B6832B026D3E00314FE0 /* HapticManager.swift in Sources */ = {isa = PBXBuildFile; fileRef = 78C0B6822B026D3E00314FE0 /* HapticManager.swift */; };
		78C0B6852B02730B00314FE0 /* SignInView.swift in Sources */ = {isa = PBXBuildFile; fileRef = 78C0B6842B02730B00314FE0 /* SignInView.swift */; };
		78C0B6872B02731400314FE0 /* SignInVC.swift in Sources */ = {isa = PBXBuildFile; fileRef = 78C0B6862B02731400314FE0 /* SignInVC.swift */; };
		78C0B6892B02732200314FE0 /* SignInViewModel.swift in Sources */ = {isa = PBXBuildFile; fileRef = 78C0B6882B02732200314FE0 /* SignInViewModel.swift */; };
		78C0B68B2B02735C00314FE0 /* Constants.swift in Sources */ = {isa = PBXBuildFile; fileRef = 78C0B68A2B02735C00314FE0 /* Constants.swift */; };
		78C0B68D2B02744300314FE0 /* .gitignore in Resources */ = {isa = PBXBuildFile; fileRef = 78C0B68C2B02744300314FE0 /* .gitignore */; };
		78C0B68F2B02746F00314FE0 /* SeSAC_API.swift in Sources */ = {isa = PBXBuildFile; fileRef = 78C0B68E2B02746F00314FE0 /* SeSAC_API.swift */; };
		78C0B6932B031AB800314FE0 /* GoogleService-Info.plist in Resources */ = {isa = PBXBuildFile; fileRef = 78C0B6922B031AB800314FE0 /* GoogleService-Info.plist */; };
		78C0B6962B031B9B00314FE0 /* FirebaseAnalytics in Frameworks */ = {isa = PBXBuildFile; productRef = 78C0B6952B031B9B00314FE0 /* FirebaseAnalytics */; };
		78C0B6982B031B9B00314FE0 /* FirebaseAnalyticsWithoutAdIdSupport in Frameworks */ = {isa = PBXBuildFile; productRef = 78C0B6972B031B9B00314FE0 /* FirebaseAnalyticsWithoutAdIdSupport */; };
		78C0B69A2B031B9B00314FE0 /* FirebaseCrashlytics in Frameworks */ = {isa = PBXBuildFile; productRef = 78C0B6992B031B9B00314FE0 /* FirebaseCrashlytics */; };
		78C0B69C2B031B9B00314FE0 /* FirebaseMessaging in Frameworks */ = {isa = PBXBuildFile; productRef = 78C0B69B2B031B9B00314FE0 /* FirebaseMessaging */; };
/* End PBXBuildFile section */

/* Begin PBXFileReference section */
		781BC6ED2B0373DD000D779A /* SeSAC.png */ = {isa = PBXFileReference; lastKnownFileType = image.png; path = SeSAC.png; sourceTree = "<group>"; };
		78C0B65F2B026A9400314FE0 /* SeSACgram.app */ = {isa = PBXFileReference; explicitFileType = wrapper.application; includeInIndex = 0; path = SeSACgram.app; sourceTree = BUILT_PRODUCTS_DIR; };
		78C0B6622B026A9400314FE0 /* AppDelegate.swift */ = {isa = PBXFileReference; lastKnownFileType = sourcecode.swift; path = AppDelegate.swift; sourceTree = "<group>"; };
		78C0B6642B026A9400314FE0 /* SceneDelegate.swift */ = {isa = PBXFileReference; lastKnownFileType = sourcecode.swift; path = SceneDelegate.swift; sourceTree = "<group>"; };
		78C0B66B2B026A9600314FE0 /* Assets.xcassets */ = {isa = PBXFileReference; lastKnownFileType = folder.assetcatalog; path = Assets.xcassets; sourceTree = "<group>"; };
		78C0B66E2B026A9600314FE0 /* Base */ = {isa = PBXFileReference; lastKnownFileType = file.storyboard; name = Base; path = Base.lproj/LaunchScreen.storyboard; sourceTree = "<group>"; };
		78C0B6702B026A9600314FE0 /* Info.plist */ = {isa = PBXFileReference; lastKnownFileType = text.plist.xml; path = Info.plist; sourceTree = "<group>"; };
		78C0B6802B026D2100314FE0 /* UserDefaultHelper.swift */ = {isa = PBXFileReference; lastKnownFileType = sourcecode.swift; path = UserDefaultHelper.swift; sourceTree = "<group>"; };
		78C0B6822B026D3E00314FE0 /* HapticManager.swift */ = {isa = PBXFileReference; lastKnownFileType = sourcecode.swift; path = HapticManager.swift; sourceTree = "<group>"; };
		78C0B6842B02730B00314FE0 /* SignInView.swift */ = {isa = PBXFileReference; lastKnownFileType = sourcecode.swift; path = SignInView.swift; sourceTree = "<group>"; };
		78C0B6862B02731400314FE0 /* SignInVC.swift */ = {isa = PBXFileReference; lastKnownFileType = sourcecode.swift; path = SignInVC.swift; sourceTree = "<group>"; };
		78C0B6882B02732200314FE0 /* SignInViewModel.swift */ = {isa = PBXFileReference; lastKnownFileType = sourcecode.swift; path = SignInViewModel.swift; sourceTree = "<group>"; };
		78C0B68A2B02735C00314FE0 /* Constants.swift */ = {isa = PBXFileReference; lastKnownFileType = sourcecode.swift; path = Constants.swift; sourceTree = "<group>"; };
		78C0B68C2B02744300314FE0 /* .gitignore */ = {isa = PBXFileReference; lastKnownFileType = text; path = .gitignore; sourceTree = "<group>"; };
		78C0B68E2B02746F00314FE0 /* SeSAC_API.swift */ = {isa = PBXFileReference; lastKnownFileType = sourcecode.swift; path = SeSAC_API.swift; sourceTree = "<group>"; };
		78C0B6922B031AB800314FE0 /* GoogleService-Info.plist */ = {isa = PBXFileReference; fileEncoding = 4; lastKnownFileType = text.plist.xml; name = "GoogleService-Info.plist"; path = "../../../../../Downloads/GoogleService-Info.plist"; sourceTree = "<group>"; };
/* End PBXFileReference section */

/* Begin PBXFrameworksBuildPhase section */
		78C0B65C2B026A9400314FE0 /* Frameworks */ = {
			isa = PBXFrameworksBuildPhase;
			buildActionMask = 2147483647;
			files = (
				78C0B69C2B031B9B00314FE0 /* FirebaseMessaging in Frameworks */,
				78C0B69A2B031B9B00314FE0 /* FirebaseCrashlytics in Frameworks */,
				78C0B6962B031B9B00314FE0 /* FirebaseAnalytics in Frameworks */,
				78C0B6982B031B9B00314FE0 /* FirebaseAnalyticsWithoutAdIdSupport in Frameworks */,
			);
			runOnlyForDeploymentPostprocessing = 0;
		};
/* End PBXFrameworksBuildPhase section */

/* Begin PBXGroup section */
		781BC6E82B03729B000D779A /* LaunchScreen */ = {
			isa = PBXGroup;
			children = (
				781BC6ED2B0373DD000D779A /* SeSAC.png */,
			);
			path = LaunchScreen;
			sourceTree = "<group>";
		};
		78C0B6562B026A9400314FE0 = {
			isa = PBXGroup;
			children = (
				78C0B68C2B02744300314FE0 /* .gitignore */,
				78C0B6612B026A9400314FE0 /* SeSACgram */,
				78C0B6602B026A9400314FE0 /* Products */,
			);
			sourceTree = "<group>";
		};
		78C0B6602B026A9400314FE0 /* Products */ = {
			isa = PBXGroup;
			children = (
				78C0B65F2B026A9400314FE0 /* SeSACgram.app */,
			);
			name = Products;
			sourceTree = "<group>";
		};
		78C0B6612B026A9400314FE0 /* SeSACgram */ = {
			isa = PBXGroup;
			children = (
				78C0B6772B026C1400314FE0 /* Source */,
				78C0B6762B026C0B00314FE0 /* Resource */,
			);
			path = SeSACgram;
			sourceTree = "<group>";
		};
		78C0B6762B026C0B00314FE0 /* Resource */ = {
			isa = PBXGroup;
			children = (
				781BC6E82B03729B000D779A /* LaunchScreen */,
				78C0B6702B026A9600314FE0 /* Info.plist */,
				78C0B6922B031AB800314FE0 /* GoogleService-Info.plist */,
				78C0B66B2B026A9600314FE0 /* Assets.xcassets */,
				78C0B66D2B026A9600314FE0 /* LaunchScreen.storyboard */,
			);
			path = Resource;
			sourceTree = "<group>";
		};
		78C0B6772B026C1400314FE0 /* Source */ = {
			isa = PBXGroup;
			children = (
				78C0B6782B026CA500314FE0 /* App */,
				78C0B67E2B026CF000314FE0 /* Constants */,
				78C0B67D2B026CE500314FE0 /* Network */,
				78C0B67C2B026CE000314FE0 /* View */,
				78C0B67B2B026CD500314FE0 /* Helper */,
				78C0B67A2B026CCA00314FE0 /* Model */,
				78C0B6792B026CC300314FE0 /* Extension */,
			);
			path = Source;
			sourceTree = "<group>";
		};
		78C0B6782B026CA500314FE0 /* App */ = {
			isa = PBXGroup;
			children = (
				78C0B6622B026A9400314FE0 /* AppDelegate.swift */,
				78C0B6642B026A9400314FE0 /* SceneDelegate.swift */,
			);
			path = App;
			sourceTree = "<group>";
		};
		78C0B6792B026CC300314FE0 /* Extension */ = {
			isa = PBXGroup;
			children = (
			);
			path = Extension;
			sourceTree = "<group>";
		};
		78C0B67A2B026CCA00314FE0 /* Model */ = {
			isa = PBXGroup;
			children = (
			);
			path = Model;
			sourceTree = "<group>";
		};
		78C0B67B2B026CD500314FE0 /* Helper */ = {
			isa = PBXGroup;
			children = (
				78C0B6802B026D2100314FE0 /* UserDefaultHelper.swift */,
				78C0B6822B026D3E00314FE0 /* HapticManager.swift */,
			);
			path = Helper;
			sourceTree = "<group>";
		};
		78C0B67C2B026CE000314FE0 /* View */ = {
			isa = PBXGroup;
			children = (
				78C0B67F2B026D0200314FE0 /* SignIn */,
			);
			path = View;
			sourceTree = "<group>";
		};
		78C0B67D2B026CE500314FE0 /* Network */ = {
			isa = PBXGroup;
			children = (
				78C0B68E2B02746F00314FE0 /* SeSAC_API.swift */,
			);
			path = Network;
			sourceTree = "<group>";
		};
		78C0B67E2B026CF000314FE0 /* Constants */ = {
			isa = PBXGroup;
			children = (
				78C0B68A2B02735C00314FE0 /* Constants.swift */,
			);
			path = Constants;
			sourceTree = "<group>";
		};
		78C0B67F2B026D0200314FE0 /* SignIn */ = {
			isa = PBXGroup;
			children = (
				78C0B6842B02730B00314FE0 /* SignInView.swift */,
				78C0B6862B02731400314FE0 /* SignInVC.swift */,
				78C0B6882B02732200314FE0 /* SignInViewModel.swift */,
			);
			path = SignIn;
			sourceTree = "<group>";
		};
/* End PBXGroup section */

/* Begin PBXNativeTarget section */
		78C0B65E2B026A9400314FE0 /* SeSACgram */ = {
			isa = PBXNativeTarget;
			buildConfigurationList = 78C0B6732B026A9600314FE0 /* Build configuration list for PBXNativeTarget "SeSACgram" */;
			buildPhases = (
				78C0B65B2B026A9400314FE0 /* Sources */,
				78C0B65C2B026A9400314FE0 /* Frameworks */,
				78C0B65D2B026A9400314FE0 /* Resources */,
				78C0B69D2B031CC900314FE0 /* ShellScript */,
			);
			buildRules = (
			);
			dependencies = (
			);
			name = SeSACgram;
			packageProductDependencies = (
				78C0B6952B031B9B00314FE0 /* FirebaseAnalytics */,
				78C0B6972B031B9B00314FE0 /* FirebaseAnalyticsWithoutAdIdSupport */,
				78C0B6992B031B9B00314FE0 /* FirebaseCrashlytics */,
				78C0B69B2B031B9B00314FE0 /* FirebaseMessaging */,
			);
			productName = SeSACgram;
			productReference = 78C0B65F2B026A9400314FE0 /* SeSACgram.app */;
			productType = "com.apple.product-type.application";
		};
/* End PBXNativeTarget section */

/* Begin PBXProject section */
		78C0B6572B026A9400314FE0 /* Project object */ = {
			isa = PBXProject;
			attributes = {
				BuildIndependentTargetsInParallel = 1;
				LastSwiftUpdateCheck = 1500;
				LastUpgradeCheck = 1500;
				TargetAttributes = {
					78C0B65E2B026A9400314FE0 = {
						CreatedOnToolsVersion = 15.0.1;
					};
				};
			};
			buildConfigurationList = 78C0B65A2B026A9400314FE0 /* Build configuration list for PBXProject "SeSACgram" */;
			compatibilityVersion = "Xcode 14.0";
			developmentRegion = en;
			hasScannedForEncodings = 0;
			knownRegions = (
				en,
				Base,
			);
			mainGroup = 78C0B6562B026A9400314FE0;
			packageReferences = (
				78C0B6942B031B9B00314FE0 /* XCRemoteSwiftPackageReference "firebase-ios-sdk" */,
			);
			productRefGroup = 78C0B6602B026A9400314FE0 /* Products */;
			projectDirPath = "";
			projectRoot = "";
			targets = (
				78C0B65E2B026A9400314FE0 /* SeSACgram */,
			);
		};
/* End PBXProject section */

/* Begin PBXResourcesBuildPhase section */
		78C0B65D2B026A9400314FE0 /* Resources */ = {
			isa = PBXResourcesBuildPhase;
			buildActionMask = 2147483647;
			files = (
				78C0B66F2B026A9600314FE0 /* LaunchScreen.storyboard in Resources */,
				78C0B6932B031AB800314FE0 /* GoogleService-Info.plist in Resources */,
				781BC6EE2B0373DD000D779A /* SeSAC.png in Resources */,
				78C0B68D2B02744300314FE0 /* .gitignore in Resources */,
				78C0B66C2B026A9600314FE0 /* Assets.xcassets in Resources */,
			);
			runOnlyForDeploymentPostprocessing = 0;
		};
/* End PBXResourcesBuildPhase section */

/* Begin PBXShellScriptBuildPhase section */
		78C0B69D2B031CC900314FE0 /* ShellScript */ = {
			isa = PBXShellScriptBuildPhase;
			buildActionMask = 2147483647;
			files = (
			);
			inputFileListPaths = (
			);
			inputPaths = (
				"${DWARF_DSYM_FOLDER_PATH}/${DWARF_DSYM_FILE_NAME}",
				"${DWARF_DSYM_FOLDER_PATH}/${DWARF_DSYM_FILE_NAME}/Contents/Resources/DWARF/${PRODUCT_NAME}",
				"${DWARF_DSYM_FOLDER_PATH}/${DWARF_DSYM_FILE_NAME}/Contents/Info.plist",
				"$(TARGET_BUILD_DIR)/$(UNLOCALIZED_RESOURCES_FOLDER_PATH)/GoogleService-Info.plist",
				"$(TARGET_BUILD_DIR)/$(EXECUTABLE_PATH)",
			);
			outputFileListPaths = (
			);
			outputPaths = (
			);
			runOnlyForDeploymentPostprocessing = 0;
			shellPath = /bin/sh;
			shellScript = "# Type a script or drag a script file from your workspace to insert its path.\n\"${BUILD_DIR%/Build/*}/SourcePackages/checkouts/firebase-ios-sdk/Crashlytics/run\"\n";
		};
/* End PBXShellScriptBuildPhase section */

/* Begin PBXSourcesBuildPhase section */
		78C0B65B2B026A9400314FE0 /* Sources */ = {
			isa = PBXSourcesBuildPhase;
			buildActionMask = 2147483647;
			files = (
				78C0B6632B026A9400314FE0 /* AppDelegate.swift in Sources */,
				78C0B6892B02732200314FE0 /* SignInViewModel.swift in Sources */,
				78C0B6812B026D2100314FE0 /* UserDefaultHelper.swift in Sources */,
				78C0B6872B02731400314FE0 /* SignInVC.swift in Sources */,
				78C0B6832B026D3E00314FE0 /* HapticManager.swift in Sources */,
				78C0B6652B026A9400314FE0 /* SceneDelegate.swift in Sources */,
				78C0B68F2B02746F00314FE0 /* SeSAC_API.swift in Sources */,
				78C0B6852B02730B00314FE0 /* SignInView.swift in Sources */,
				78C0B68B2B02735C00314FE0 /* Constants.swift in Sources */,
			);
			runOnlyForDeploymentPostprocessing = 0;
		};
/* End PBXSourcesBuildPhase section */

/* Begin PBXVariantGroup section */
		78C0B66D2B026A9600314FE0 /* LaunchScreen.storyboard */ = {
			isa = PBXVariantGroup;
			children = (
				78C0B66E2B026A9600314FE0 /* Base */,
			);
			name = LaunchScreen.storyboard;
			sourceTree = "<group>";
		};
/* End PBXVariantGroup section */

/* Begin XCBuildConfiguration section */
		78C0B6712B026A9600314FE0 /* Debug */ = {
			isa = XCBuildConfiguration;
			buildSettings = {
				ALWAYS_SEARCH_USER_PATHS = NO;
				ASSETCATALOG_COMPILER_GENERATE_SWIFT_ASSET_SYMBOL_EXTENSIONS = YES;
				CLANG_ANALYZER_NONNULL = YES;
				CLANG_ANALYZER_NUMBER_OBJECT_CONVERSION = YES_AGGRESSIVE;
				CLANG_CXX_LANGUAGE_STANDARD = "gnu++20";
				CLANG_ENABLE_MODULES = YES;
				CLANG_ENABLE_OBJC_ARC = YES;
				CLANG_ENABLE_OBJC_WEAK = YES;
				CLANG_WARN_BLOCK_CAPTURE_AUTORELEASING = YES;
				CLANG_WARN_BOOL_CONVERSION = YES;
				CLANG_WARN_COMMA = YES;
				CLANG_WARN_CONSTANT_CONVERSION = YES;
				CLANG_WARN_DEPRECATED_OBJC_IMPLEMENTATIONS = YES;
				CLANG_WARN_DIRECT_OBJC_ISA_USAGE = YES_ERROR;
				CLANG_WARN_DOCUMENTATION_COMMENTS = YES;
				CLANG_WARN_EMPTY_BODY = YES;
				CLANG_WARN_ENUM_CONVERSION = YES;
				CLANG_WARN_INFINITE_RECURSION = YES;
				CLANG_WARN_INT_CONVERSION = YES;
				CLANG_WARN_NON_LITERAL_NULL_CONVERSION = YES;
				CLANG_WARN_OBJC_IMPLICIT_RETAIN_SELF = YES;
				CLANG_WARN_OBJC_LITERAL_CONVERSION = YES;
				CLANG_WARN_OBJC_ROOT_CLASS = YES_ERROR;
				CLANG_WARN_QUOTED_INCLUDE_IN_FRAMEWORK_HEADER = YES;
				CLANG_WARN_RANGE_LOOP_ANALYSIS = YES;
				CLANG_WARN_STRICT_PROTOTYPES = YES;
				CLANG_WARN_SUSPICIOUS_MOVE = YES;
				CLANG_WARN_UNGUARDED_AVAILABILITY = YES_AGGRESSIVE;
				CLANG_WARN_UNREACHABLE_CODE = YES;
				CLANG_WARN__DUPLICATE_METHOD_MATCH = YES;
				COPY_PHASE_STRIP = NO;
				DEBUG_INFORMATION_FORMAT = dwarf;
				ENABLE_STRICT_OBJC_MSGSEND = YES;
				ENABLE_TESTABILITY = YES;
				ENABLE_USER_SCRIPT_SANDBOXING = YES;
				GCC_C_LANGUAGE_STANDARD = gnu17;
				GCC_DYNAMIC_NO_PIC = NO;
				GCC_NO_COMMON_BLOCKS = YES;
				GCC_OPTIMIZATION_LEVEL = 0;
				GCC_PREPROCESSOR_DEFINITIONS = (
					"DEBUG=1",
					"$(inherited)",
				);
				GCC_WARN_64_TO_32_BIT_CONVERSION = YES;
				GCC_WARN_ABOUT_RETURN_TYPE = YES_ERROR;
				GCC_WARN_UNDECLARED_SELECTOR = YES;
				GCC_WARN_UNINITIALIZED_AUTOS = YES_AGGRESSIVE;
				GCC_WARN_UNUSED_FUNCTION = YES;
				GCC_WARN_UNUSED_VARIABLE = YES;
				IPHONEOS_DEPLOYMENT_TARGET = 17.0;
				LOCALIZATION_PREFERS_STRING_CATALOGS = YES;
				MTL_ENABLE_DEBUG_INFO = INCLUDE_SOURCE;
				MTL_FAST_MATH = YES;
				ONLY_ACTIVE_ARCH = YES;
				SDKROOT = iphoneos;
				SWIFT_ACTIVE_COMPILATION_CONDITIONS = "DEBUG $(inherited)";
				SWIFT_OPTIMIZATION_LEVEL = "-Onone";
			};
			name = Debug;
		};
		78C0B6722B026A9600314FE0 /* Release */ = {
			isa = XCBuildConfiguration;
			buildSettings = {
				ALWAYS_SEARCH_USER_PATHS = NO;
				ASSETCATALOG_COMPILER_GENERATE_SWIFT_ASSET_SYMBOL_EXTENSIONS = YES;
				CLANG_ANALYZER_NONNULL = YES;
				CLANG_ANALYZER_NUMBER_OBJECT_CONVERSION = YES_AGGRESSIVE;
				CLANG_CXX_LANGUAGE_STANDARD = "gnu++20";
				CLANG_ENABLE_MODULES = YES;
				CLANG_ENABLE_OBJC_ARC = YES;
				CLANG_ENABLE_OBJC_WEAK = YES;
				CLANG_WARN_BLOCK_CAPTURE_AUTORELEASING = YES;
				CLANG_WARN_BOOL_CONVERSION = YES;
				CLANG_WARN_COMMA = YES;
				CLANG_WARN_CONSTANT_CONVERSION = YES;
				CLANG_WARN_DEPRECATED_OBJC_IMPLEMENTATIONS = YES;
				CLANG_WARN_DIRECT_OBJC_ISA_USAGE = YES_ERROR;
				CLANG_WARN_DOCUMENTATION_COMMENTS = YES;
				CLANG_WARN_EMPTY_BODY = YES;
				CLANG_WARN_ENUM_CONVERSION = YES;
				CLANG_WARN_INFINITE_RECURSION = YES;
				CLANG_WARN_INT_CONVERSION = YES;
				CLANG_WARN_NON_LITERAL_NULL_CONVERSION = YES;
				CLANG_WARN_OBJC_IMPLICIT_RETAIN_SELF = YES;
				CLANG_WARN_OBJC_LITERAL_CONVERSION = YES;
				CLANG_WARN_OBJC_ROOT_CLASS = YES_ERROR;
				CLANG_WARN_QUOTED_INCLUDE_IN_FRAMEWORK_HEADER = YES;
				CLANG_WARN_RANGE_LOOP_ANALYSIS = YES;
				CLANG_WARN_STRICT_PROTOTYPES = YES;
				CLANG_WARN_SUSPICIOUS_MOVE = YES;
				CLANG_WARN_UNGUARDED_AVAILABILITY = YES_AGGRESSIVE;
				CLANG_WARN_UNREACHABLE_CODE = YES;
				CLANG_WARN__DUPLICATE_METHOD_MATCH = YES;
				COPY_PHASE_STRIP = NO;
				DEBUG_INFORMATION_FORMAT = "dwarf-with-dsym";
				ENABLE_NS_ASSERTIONS = NO;
				ENABLE_STRICT_OBJC_MSGSEND = YES;
				ENABLE_USER_SCRIPT_SANDBOXING = YES;
				GCC_C_LANGUAGE_STANDARD = gnu17;
				GCC_NO_COMMON_BLOCKS = YES;
				GCC_WARN_64_TO_32_BIT_CONVERSION = YES;
				GCC_WARN_ABOUT_RETURN_TYPE = YES_ERROR;
				GCC_WARN_UNDECLARED_SELECTOR = YES;
				GCC_WARN_UNINITIALIZED_AUTOS = YES_AGGRESSIVE;
				GCC_WARN_UNUSED_FUNCTION = YES;
				GCC_WARN_UNUSED_VARIABLE = YES;
				IPHONEOS_DEPLOYMENT_TARGET = 17.0;
				LOCALIZATION_PREFERS_STRING_CATALOGS = YES;
				MTL_ENABLE_DEBUG_INFO = NO;
				MTL_FAST_MATH = YES;
				SDKROOT = iphoneos;
				SWIFT_COMPILATION_MODE = wholemodule;
				VALIDATE_PRODUCT = YES;
			};
			name = Release;
		};
		78C0B6742B026A9600314FE0 /* Debug */ = {
			isa = XCBuildConfiguration;
			buildSettings = {
				ASSETCATALOG_COMPILER_APPICON_NAME = AppIcon;
				ASSETCATALOG_COMPILER_GLOBAL_ACCENT_COLOR_NAME = AccentColor;
				ASSETCATALOG_COMPILER_INCLUDE_ALL_APPICON_ASSETS = YES;
				CODE_SIGN_STYLE = Automatic;
				CURRENT_PROJECT_VERSION = 1;
				DEBUG_INFORMATION_FORMAT = "dwarf-with-dsym";
				DEVELOPMENT_TEAM = 57CCR42RDS;
				GENERATE_INFOPLIST_FILE = YES;
				INFOPLIST_FILE = SeSACgram/Resource/Info.plist;
				INFOPLIST_KEY_UIApplicationSupportsIndirectInputEvents = YES;
				INFOPLIST_KEY_UILaunchStoryboardName = LaunchScreen;
				INFOPLIST_KEY_UISupportedInterfaceOrientations = UIInterfaceOrientationPortrait;
				INFOPLIST_KEY_UISupportedInterfaceOrientations_iPad = "UIInterfaceOrientationLandscapeLeft UIInterfaceOrientationLandscapeRight UIInterfaceOrientationPortrait UIInterfaceOrientationPortraitUpsideDown";
				IPHONEOS_DEPLOYMENT_TARGET = 16.0;
				LD_RUNPATH_SEARCH_PATHS = (
					"$(inherited)",
					"@executable_path/Frameworks",
				);
				MARKETING_VERSION = 1.0;
				PRODUCT_BUNDLE_IDENTIFIER = com.junghoon.SeSACgram;
				PRODUCT_NAME = "$(TARGET_NAME)";
				SUPPORTED_PLATFORMS = "iphoneos iphonesimulator";
				SUPPORTS_MACCATALYST = NO;
				SUPPORTS_MAC_DESIGNED_FOR_IPHONE_IPAD = NO;
				SWIFT_EMIT_LOC_STRINGS = YES;
				SWIFT_VERSION = 5.0;
				TARGETED_DEVICE_FAMILY = 1;
			};
			name = Debug;
		};
		78C0B6752B026A9600314FE0 /* Release */ = {
			isa = XCBuildConfiguration;
			buildSettings = {
				ASSETCATALOG_COMPILER_APPICON_NAME = AppIcon;
				ASSETCATALOG_COMPILER_GLOBAL_ACCENT_COLOR_NAME = AccentColor;
				ASSETCATALOG_COMPILER_INCLUDE_ALL_APPICON_ASSETS = YES;
				CODE_SIGN_STYLE = Automatic;
				CURRENT_PROJECT_VERSION = 1;
				DEBUG_INFORMATION_FORMAT = "dwarf-with-dsym";
				DEVELOPMENT_TEAM = 57CCR42RDS;
				GENERATE_INFOPLIST_FILE = YES;
				INFOPLIST_FILE = SeSACgram/Resource/Info.plist;
				INFOPLIST_KEY_UIApplicationSupportsIndirectInputEvents = YES;
				INFOPLIST_KEY_UILaunchStoryboardName = LaunchScreen;
				INFOPLIST_KEY_UISupportedInterfaceOrientations = UIInterfaceOrientationPortrait;
				INFOPLIST_KEY_UISupportedInterfaceOrientations_iPad = "UIInterfaceOrientationLandscapeLeft UIInterfaceOrientationLandscapeRight UIInterfaceOrientationPortrait UIInterfaceOrientationPortraitUpsideDown";
				IPHONEOS_DEPLOYMENT_TARGET = 16.0;
				LD_RUNPATH_SEARCH_PATHS = (
					"$(inherited)",
					"@executable_path/Frameworks",
				);
				MARKETING_VERSION = 1.0;
				PRODUCT_BUNDLE_IDENTIFIER = com.junghoon.SeSACgram;
				PRODUCT_NAME = "$(TARGET_NAME)";
				SUPPORTED_PLATFORMS = "iphoneos iphonesimulator";
				SUPPORTS_MACCATALYST = NO;
				SUPPORTS_MAC_DESIGNED_FOR_IPHONE_IPAD = NO;
				SWIFT_EMIT_LOC_STRINGS = YES;
				SWIFT_VERSION = 5.0;
				TARGETED_DEVICE_FAMILY = 1;
			};
			name = Release;
		};
/* End XCBuildConfiguration section */

/* Begin XCConfigurationList section */
		78C0B65A2B026A9400314FE0 /* Build configuration list for PBXProject "SeSACgram" */ = {
			isa = XCConfigurationList;
			buildConfigurations = (
				78C0B6712B026A9600314FE0 /* Debug */,
				78C0B6722B026A9600314FE0 /* Release */,
			);
			defaultConfigurationIsVisible = 0;
			defaultConfigurationName = Release;
		};
		78C0B6732B026A9600314FE0 /* Build configuration list for PBXNativeTarget "SeSACgram" */ = {
			isa = XCConfigurationList;
			buildConfigurations = (
				78C0B6742B026A9600314FE0 /* Debug */,
				78C0B6752B026A9600314FE0 /* Release */,
			);
			defaultConfigurationIsVisible = 0;
			defaultConfigurationName = Release;
		};
/* End XCConfigurationList section */

/* Begin XCRemoteSwiftPackageReference section */
		78C0B6942B031B9B00314FE0 /* XCRemoteSwiftPackageReference "firebase-ios-sdk" */ = {
			isa = XCRemoteSwiftPackageReference;
			repositoryURL = "https://github.com/firebase/firebase-ios-sdk";
			requirement = {
				kind = upToNextMajorVersion;
				minimumVersion = 10.17.0;
			};
		};
/* End XCRemoteSwiftPackageReference section */

/* Begin XCSwiftPackageProductDependency section */
		78C0B6952B031B9B00314FE0 /* FirebaseAnalytics */ = {
			isa = XCSwiftPackageProductDependency;
			package = 78C0B6942B031B9B00314FE0 /* XCRemoteSwiftPackageReference "firebase-ios-sdk" */;
			productName = FirebaseAnalytics;
		};
		78C0B6972B031B9B00314FE0 /* FirebaseAnalyticsWithoutAdIdSupport */ = {
			isa = XCSwiftPackageProductDependency;
			package = 78C0B6942B031B9B00314FE0 /* XCRemoteSwiftPackageReference "firebase-ios-sdk" */;
			productName = FirebaseAnalyticsWithoutAdIdSupport;
		};
		78C0B6992B031B9B00314FE0 /* FirebaseCrashlytics */ = {
			isa = XCSwiftPackageProductDependency;
			package = 78C0B6942B031B9B00314FE0 /* XCRemoteSwiftPackageReference "firebase-ios-sdk" */;
			productName = FirebaseCrashlytics;
		};
		78C0B69B2B031B9B00314FE0 /* FirebaseMessaging */ = {
			isa = XCSwiftPackageProductDependency;
			package = 78C0B6942B031B9B00314FE0 /* XCRemoteSwiftPackageReference "firebase-ios-sdk" */;
			productName = FirebaseMessaging;
		};
/* End XCSwiftPackageProductDependency section */
	};
	rootObject = 78C0B6572B026A9400314FE0 /* Project object */;
}
