// !$*UTF8*$!
{
	archiveVersion = 1;
	classes = {
	};
	objectVersion = 56;
	objects = {

/* Begin PBXBuildFile section */
		78728F462AF8F75900F13F46 /* AppDelegate.swift in Sources */ = {isa = PBXBuildFile; fileRef = 78728F452AF8F75900F13F46 /* AppDelegate.swift */; };
		78728F482AF8F75900F13F46 /* SceneDelegate.swift in Sources */ = {isa = PBXBuildFile; fileRef = 78728F472AF8F75900F13F46 /* SceneDelegate.swift */; };
		78728F4A2AF8F75900F13F46 /* ViewController.swift in Sources */ = {isa = PBXBuildFile; fileRef = 78728F492AF8F75900F13F46 /* ViewController.swift */; };
		78728F4D2AF8F75900F13F46 /* Main.storyboard in Resources */ = {isa = PBXBuildFile; fileRef = 78728F4B2AF8F75900F13F46 /* Main.storyboard */; };
		78728F4F2AF8F75B00F13F46 /* Assets.xcassets in Resources */ = {isa = PBXBuildFile; fileRef = 78728F4E2AF8F75B00F13F46 /* Assets.xcassets */; };
		78728F522AF8F75B00F13F46 /* LaunchScreen.storyboard in Resources */ = {isa = PBXBuildFile; fileRef = 78728F502AF8F75B00F13F46 /* LaunchScreen.storyboard */; };
		78728F5F2AF8FAD800F13F46 /* BaseView.swift in Sources */ = {isa = PBXBuildFile; fileRef = 78728F5E2AF8FAD800F13F46 /* BaseView.swift */; };
		78728F612AF8FAE900F13F46 /* BaseVC.swift in Sources */ = {isa = PBXBuildFile; fileRef = 78728F602AF8FAE900F13F46 /* BaseVC.swift */; };
		78728F632AF8FB0000F13F46 /* BaseTableViewCell.swift in Sources */ = {isa = PBXBuildFile; fileRef = 78728F622AF8FB0000F13F46 /* BaseTableViewCell.swift */; };
/* End PBXBuildFile section */

/* Begin PBXFileReference section */
		78728F422AF8F75900F13F46 /* App_Store.app */ = {isa = PBXFileReference; explicitFileType = wrapper.application; includeInIndex = 0; path = App_Store.app; sourceTree = BUILT_PRODUCTS_DIR; };
		78728F452AF8F75900F13F46 /* AppDelegate.swift */ = {isa = PBXFileReference; lastKnownFileType = sourcecode.swift; path = AppDelegate.swift; sourceTree = "<group>"; };
		78728F472AF8F75900F13F46 /* SceneDelegate.swift */ = {isa = PBXFileReference; lastKnownFileType = sourcecode.swift; path = SceneDelegate.swift; sourceTree = "<group>"; };
		78728F492AF8F75900F13F46 /* ViewController.swift */ = {isa = PBXFileReference; lastKnownFileType = sourcecode.swift; path = ViewController.swift; sourceTree = "<group>"; };
		78728F4C2AF8F75900F13F46 /* Base */ = {isa = PBXFileReference; lastKnownFileType = file.storyboard; name = Base; path = Base.lproj/Main.storyboard; sourceTree = "<group>"; };
		78728F4E2AF8F75B00F13F46 /* Assets.xcassets */ = {isa = PBXFileReference; lastKnownFileType = folder.assetcatalog; path = Assets.xcassets; sourceTree = "<group>"; };
		78728F512AF8F75B00F13F46 /* Base */ = {isa = PBXFileReference; lastKnownFileType = file.storyboard; name = Base; path = Base.lproj/LaunchScreen.storyboard; sourceTree = "<group>"; };
		78728F532AF8F75B00F13F46 /* Info.plist */ = {isa = PBXFileReference; lastKnownFileType = text.plist.xml; path = Info.plist; sourceTree = "<group>"; };
		78728F5E2AF8FAD800F13F46 /* BaseView.swift */ = {isa = PBXFileReference; lastKnownFileType = sourcecode.swift; path = BaseView.swift; sourceTree = "<group>"; };
		78728F602AF8FAE900F13F46 /* BaseVC.swift */ = {isa = PBXFileReference; lastKnownFileType = sourcecode.swift; path = BaseVC.swift; sourceTree = "<group>"; };
		78728F622AF8FB0000F13F46 /* BaseTableViewCell.swift */ = {isa = PBXFileReference; lastKnownFileType = sourcecode.swift; path = BaseTableViewCell.swift; sourceTree = "<group>"; };
/* End PBXFileReference section */

/* Begin PBXFrameworksBuildPhase section */
		78728F3F2AF8F75900F13F46 /* Frameworks */ = {
			isa = PBXFrameworksBuildPhase;
			buildActionMask = 2147483647;
			files = (
			);
			runOnlyForDeploymentPostprocessing = 0;
		};
/* End PBXFrameworksBuildPhase section */

/* Begin PBXGroup section */
		78728F392AF8F75900F13F46 = {
			isa = PBXGroup;
			children = (
				78728F442AF8F75900F13F46 /* App_Store */,
				78728F432AF8F75900F13F46 /* Products */,
			);
			sourceTree = "<group>";
		};
		78728F432AF8F75900F13F46 /* Products */ = {
			isa = PBXGroup;
			children = (
				78728F422AF8F75900F13F46 /* App_Store.app */,
			);
			name = Products;
			sourceTree = "<group>";
		};
		78728F442AF8F75900F13F46 /* App_Store */ = {
			isa = PBXGroup;
			children = (
				78728F5B2AF8FA9D00F13F46 /* Network */,
				78728F5C2AF8FAB900F13F46 /* ViewModel */,
				78728F592AF8FA6E00F13F46 /* View */,
				78728F452AF8F75900F13F46 /* AppDelegate.swift */,
				78728F472AF8F75900F13F46 /* SceneDelegate.swift */,
				78728F492AF8F75900F13F46 /* ViewController.swift */,
				78728F4B2AF8F75900F13F46 /* Main.storyboard */,
				78728F4E2AF8F75B00F13F46 /* Assets.xcassets */,
				78728F502AF8F75B00F13F46 /* LaunchScreen.storyboard */,
				78728F532AF8F75B00F13F46 /* Info.plist */,
			);
			path = App_Store;
			sourceTree = "<group>";
		};
		78728F592AF8FA6E00F13F46 /* View */ = {
			isa = PBXGroup;
			children = (
				78728F5D2AF8FAC600F13F46 /* Base */,
				78728F5A2AF8FA8F00F13F46 /* Search */,
			);
			path = View;
			sourceTree = "<group>";
		};
		78728F5A2AF8FA8F00F13F46 /* Search */ = {
			isa = PBXGroup;
			children = (
			);
			path = Search;
			sourceTree = "<group>";
		};
		78728F5B2AF8FA9D00F13F46 /* Network */ = {
			isa = PBXGroup;
			children = (
			);
			path = Network;
			sourceTree = "<group>";
		};
		78728F5C2AF8FAB900F13F46 /* ViewModel */ = {
			isa = PBXGroup;
			children = (
			);
			path = ViewModel;
			sourceTree = "<group>";
		};
		78728F5D2AF8FAC600F13F46 /* Base */ = {
			isa = PBXGroup;
			children = (
				78728F5E2AF8FAD800F13F46 /* BaseView.swift */,
				78728F602AF8FAE900F13F46 /* BaseVC.swift */,
				78728F622AF8FB0000F13F46 /* BaseTableViewCell.swift */,
			);
			path = Base;
			sourceTree = "<group>";
		};
/* End PBXGroup section */

/* Begin PBXNativeTarget section */
		78728F412AF8F75900F13F46 /* App_Store */ = {
			isa = PBXNativeTarget;
			buildConfigurationList = 78728F562AF8F75B00F13F46 /* Build configuration list for PBXNativeTarget "App_Store" */;
			buildPhases = (
				78728F3E2AF8F75900F13F46 /* Sources */,
				78728F3F2AF8F75900F13F46 /* Frameworks */,
				78728F402AF8F75900F13F46 /* Resources */,
			);
			buildRules = (
			);
			dependencies = (
			);
			name = App_Store;
			productName = App_Store;
			productReference = 78728F422AF8F75900F13F46 /* App_Store.app */;
			productType = "com.apple.product-type.application";
		};
/* End PBXNativeTarget section */

/* Begin PBXProject section */
		78728F3A2AF8F75900F13F46 /* Project object */ = {
			isa = PBXProject;
			attributes = {
				BuildIndependentTargetsInParallel = 1;
				LastSwiftUpdateCheck = 1500;
				LastUpgradeCheck = 1500;
				TargetAttributes = {
					78728F412AF8F75900F13F46 = {
						CreatedOnToolsVersion = 15.0.1;
					};
				};
			};
			buildConfigurationList = 78728F3D2AF8F75900F13F46 /* Build configuration list for PBXProject "App_Store" */;
			compatibilityVersion = "Xcode 14.0";
			developmentRegion = en;
			hasScannedForEncodings = 0;
			knownRegions = (
				en,
				Base,
			);
			mainGroup = 78728F392AF8F75900F13F46;
			productRefGroup = 78728F432AF8F75900F13F46 /* Products */;
			projectDirPath = "";
			projectRoot = "";
			targets = (
				78728F412AF8F75900F13F46 /* App_Store */,
			);
		};
/* End PBXProject section */

/* Begin PBXResourcesBuildPhase section */
		78728F402AF8F75900F13F46 /* Resources */ = {
			isa = PBXResourcesBuildPhase;
			buildActionMask = 2147483647;
			files = (
				78728F522AF8F75B00F13F46 /* LaunchScreen.storyboard in Resources */,
				78728F4F2AF8F75B00F13F46 /* Assets.xcassets in Resources */,
				78728F4D2AF8F75900F13F46 /* Main.storyboard in Resources */,
			);
			runOnlyForDeploymentPostprocessing = 0;
		};
/* End PBXResourcesBuildPhase section */

/* Begin PBXSourcesBuildPhase section */
		78728F3E2AF8F75900F13F46 /* Sources */ = {
			isa = PBXSourcesBuildPhase;
			buildActionMask = 2147483647;
			files = (
				78728F4A2AF8F75900F13F46 /* ViewController.swift in Sources */,
				78728F462AF8F75900F13F46 /* AppDelegate.swift in Sources */,
				78728F482AF8F75900F13F46 /* SceneDelegate.swift in Sources */,
				78728F5F2AF8FAD800F13F46 /* BaseView.swift in Sources */,
				78728F632AF8FB0000F13F46 /* BaseTableViewCell.swift in Sources */,
				78728F612AF8FAE900F13F46 /* BaseVC.swift in Sources */,
			);
			runOnlyForDeploymentPostprocessing = 0;
		};
/* End PBXSourcesBuildPhase section */

/* Begin PBXVariantGroup section */
		78728F4B2AF8F75900F13F46 /* Main.storyboard */ = {
			isa = PBXVariantGroup;
			children = (
				78728F4C2AF8F75900F13F46 /* Base */,
			);
			name = Main.storyboard;
			sourceTree = "<group>";
		};
		78728F502AF8F75B00F13F46 /* LaunchScreen.storyboard */ = {
			isa = PBXVariantGroup;
			children = (
				78728F512AF8F75B00F13F46 /* Base */,
			);
			name = LaunchScreen.storyboard;
			sourceTree = "<group>";
		};
/* End PBXVariantGroup section */

/* Begin XCBuildConfiguration section */
		78728F542AF8F75B00F13F46 /* Debug */ = {
			isa = XCBuildConfiguration;
			buildSettings = {
				ALWAYS_SEARCH_USER_PATHS = NO;
				ASSETCATALOG_COMPILER_GENERATE_SWIFT_ASSET_SYMBOL_EXTENSIONS = YES;
				CLANG_ANALYZER_NONNULL = YES;
				CLANG_ANALYZER_NUMBER_OBJECT_CONVERSION = YES_AGGRESSIVE;
				CLANG_CXX_LANGUAGE_STANDARD = "gnu++20";
				CLANG_ENABLE_MODULES = YES;
				CLANG_ENABLE_OBJC_ARC = YES;
				CLANG_ENABLE_OBJC_WEAK = YES;
				CLANG_WARN_BLOCK_CAPTURE_AUTORELEASING = YES;
				CLANG_WARN_BOOL_CONVERSION = YES;
				CLANG_WARN_COMMA = YES;
				CLANG_WARN_CONSTANT_CONVERSION = YES;
				CLANG_WARN_DEPRECATED_OBJC_IMPLEMENTATIONS = YES;
				CLANG_WARN_DIRECT_OBJC_ISA_USAGE = YES_ERROR;
				CLANG_WARN_DOCUMENTATION_COMMENTS = YES;
				CLANG_WARN_EMPTY_BODY = YES;
				CLANG_WARN_ENUM_CONVERSION = YES;
				CLANG_WARN_INFINITE_RECURSION = YES;
				CLANG_WARN_INT_CONVERSION = YES;
				CLANG_WARN_NON_LITERAL_NULL_CONVERSION = YES;
				CLANG_WARN_OBJC_IMPLICIT_RETAIN_SELF = YES;
				CLANG_WARN_OBJC_LITERAL_CONVERSION = YES;
				CLANG_WARN_OBJC_ROOT_CLASS = YES_ERROR;
				CLANG_WARN_QUOTED_INCLUDE_IN_FRAMEWORK_HEADER = YES;
				CLANG_WARN_RANGE_LOOP_ANALYSIS = YES;
				CLANG_WARN_STRICT_PROTOTYPES = YES;
				CLANG_WARN_SUSPICIOUS_MOVE = YES;
				CLANG_WARN_UNGUARDED_AVAILABILITY = YES_AGGRESSIVE;
				CLANG_WARN_UNREACHABLE_CODE = YES;
				CLANG_WARN__DUPLICATE_METHOD_MATCH = YES;
				COPY_PHASE_STRIP = NO;
				DEBUG_INFORMATION_FORMAT = dwarf;
				ENABLE_STRICT_OBJC_MSGSEND = YES;
				ENABLE_TESTABILITY = YES;
				ENABLE_USER_SCRIPT_SANDBOXING = YES;
				GCC_C_LANGUAGE_STANDARD = gnu17;
				GCC_DYNAMIC_NO_PIC = NO;
				GCC_NO_COMMON_BLOCKS = YES;
				GCC_OPTIMIZATION_LEVEL = 0;
				GCC_PREPROCESSOR_DEFINITIONS = (
					"DEBUG=1",
					"$(inherited)",
				);
				GCC_WARN_64_TO_32_BIT_CONVERSION = YES;
				GCC_WARN_ABOUT_RETURN_TYPE = YES_ERROR;
				GCC_WARN_UNDECLARED_SELECTOR = YES;
				GCC_WARN_UNINITIALIZED_AUTOS = YES_AGGRESSIVE;
				GCC_WARN_UNUSED_FUNCTION = YES;
				GCC_WARN_UNUSED_VARIABLE = YES;
				IPHONEOS_DEPLOYMENT_TARGET = 17.0;
				LOCALIZATION_PREFERS_STRING_CATALOGS = YES;
				MTL_ENABLE_DEBUG_INFO = INCLUDE_SOURCE;
				MTL_FAST_MATH = YES;
				ONLY_ACTIVE_ARCH = YES;
				SDKROOT = iphoneos;
				SWIFT_ACTIVE_COMPILATION_CONDITIONS = "DEBUG $(inherited)";
				SWIFT_OPTIMIZATION_LEVEL = "-Onone";
			};
			name = Debug;
		};
		78728F552AF8F75B00F13F46 /* Release */ = {
			isa = XCBuildConfiguration;
			buildSettings = {
				ALWAYS_SEARCH_USER_PATHS = NO;
				ASSETCATALOG_COMPILER_GENERATE_SWIFT_ASSET_SYMBOL_EXTENSIONS = YES;
				CLANG_ANALYZER_NONNULL = YES;
				CLANG_ANALYZER_NUMBER_OBJECT_CONVERSION = YES_AGGRESSIVE;
				CLANG_CXX_LANGUAGE_STANDARD = "gnu++20";
				CLANG_ENABLE_MODULES = YES;
				CLANG_ENABLE_OBJC_ARC = YES;
				CLANG_ENABLE_OBJC_WEAK = YES;
				CLANG_WARN_BLOCK_CAPTURE_AUTORELEASING = YES;
				CLANG_WARN_BOOL_CONVERSION = YES;
				CLANG_WARN_COMMA = YES;
				CLANG_WARN_CONSTANT_CONVERSION = YES;
				CLANG_WARN_DEPRECATED_OBJC_IMPLEMENTATIONS = YES;
				CLANG_WARN_DIRECT_OBJC_ISA_USAGE = YES_ERROR;
				CLANG_WARN_DOCUMENTATION_COMMENTS = YES;
				CLANG_WARN_EMPTY_BODY = YES;
				CLANG_WARN_ENUM_CONVERSION = YES;
				CLANG_WARN_INFINITE_RECURSION = YES;
				CLANG_WARN_INT_CONVERSION = YES;
				CLANG_WARN_NON_LITERAL_NULL_CONVERSION = YES;
				CLANG_WARN_OBJC_IMPLICIT_RETAIN_SELF = YES;
				CLANG_WARN_OBJC_LITERAL_CONVERSION = YES;
				CLANG_WARN_OBJC_ROOT_CLASS = YES_ERROR;
				CLANG_WARN_QUOTED_INCLUDE_IN_FRAMEWORK_HEADER = YES;
				CLANG_WARN_RANGE_LOOP_ANALYSIS = YES;
				CLANG_WARN_STRICT_PROTOTYPES = YES;
				CLANG_WARN_SUSPICIOUS_MOVE = YES;
				CLANG_WARN_UNGUARDED_AVAILABILITY = YES_AGGRESSIVE;
				CLANG_WARN_UNREACHABLE_CODE = YES;
				CLANG_WARN__DUPLICATE_METHOD_MATCH = YES;
				COPY_PHASE_STRIP = NO;
				DEBUG_INFORMATION_FORMAT = "dwarf-with-dsym";
				ENABLE_NS_ASSERTIONS = NO;
				ENABLE_STRICT_OBJC_MSGSEND = YES;
				ENABLE_USER_SCRIPT_SANDBOXING = YES;
				GCC_C_LANGUAGE_STANDARD = gnu17;
				GCC_NO_COMMON_BLOCKS = YES;
				GCC_WARN_64_TO_32_BIT_CONVERSION = YES;
				GCC_WARN_ABOUT_RETURN_TYPE = YES_ERROR;
				GCC_WARN_UNDECLARED_SELECTOR = YES;
				GCC_WARN_UNINITIALIZED_AUTOS = YES_AGGRESSIVE;
				GCC_WARN_UNUSED_FUNCTION = YES;
				GCC_WARN_UNUSED_VARIABLE = YES;
				IPHONEOS_DEPLOYMENT_TARGET = 17.0;
				LOCALIZATION_PREFERS_STRING_CATALOGS = YES;
				MTL_ENABLE_DEBUG_INFO = NO;
				MTL_FAST_MATH = YES;
				SDKROOT = iphoneos;
				SWIFT_COMPILATION_MODE = wholemodule;
				VALIDATE_PRODUCT = YES;
			};
			name = Release;
		};
		78728F572AF8F75B00F13F46 /* Debug */ = {
			isa = XCBuildConfiguration;
			buildSettings = {
				ASSETCATALOG_COMPILER_APPICON_NAME = AppIcon;
				ASSETCATALOG_COMPILER_GLOBAL_ACCENT_COLOR_NAME = AccentColor;
				CODE_SIGN_STYLE = Automatic;
				CURRENT_PROJECT_VERSION = 1;
				DEVELOPMENT_TEAM = 57CCR42RDS;
				GENERATE_INFOPLIST_FILE = YES;
				INFOPLIST_FILE = App_Store/Info.plist;
				INFOPLIST_KEY_UIApplicationSupportsIndirectInputEvents = YES;
				INFOPLIST_KEY_UILaunchStoryboardName = LaunchScreen;
				INFOPLIST_KEY_UIMainStoryboardFile = Main;
				INFOPLIST_KEY_UISupportedInterfaceOrientations = UIInterfaceOrientationPortrait;
				INFOPLIST_KEY_UISupportedInterfaceOrientations_iPad = "UIInterfaceOrientationLandscapeLeft UIInterfaceOrientationLandscapeRight UIInterfaceOrientationPortrait UIInterfaceOrientationPortraitUpsideDown";
				IPHONEOS_DEPLOYMENT_TARGET = 16.0;
				LD_RUNPATH_SEARCH_PATHS = (
					"$(inherited)",
					"@executable_path/Frameworks",
				);
				MARKETING_VERSION = 1.0;
				PRODUCT_BUNDLE_IDENTIFIER = "com.junghoon.App-Store";
				PRODUCT_NAME = "$(TARGET_NAME)";
				SUPPORTED_PLATFORMS = "iphoneos iphonesimulator";
				SUPPORTS_MACCATALYST = NO;
				SUPPORTS_MAC_DESIGNED_FOR_IPHONE_IPAD = NO;
				SWIFT_EMIT_LOC_STRINGS = YES;
				SWIFT_VERSION = 5.0;
				TARGETED_DEVICE_FAMILY = 1;
			};
			name = Debug;
		};
		78728F582AF8F75B00F13F46 /* Release */ = {
			isa = XCBuildConfiguration;
			buildSettings = {
				ASSETCATALOG_COMPILER_APPICON_NAME = AppIcon;
				ASSETCATALOG_COMPILER_GLOBAL_ACCENT_COLOR_NAME = AccentColor;
				CODE_SIGN_STYLE = Automatic;
				CURRENT_PROJECT_VERSION = 1;
				DEVELOPMENT_TEAM = 57CCR42RDS;
				GENERATE_INFOPLIST_FILE = YES;
				INFOPLIST_FILE = App_Store/Info.plist;
				INFOPLIST_KEY_UIApplicationSupportsIndirectInputEvents = YES;
				INFOPLIST_KEY_UILaunchStoryboardName = LaunchScreen;
				INFOPLIST_KEY_UIMainStoryboardFile = Main;
				INFOPLIST_KEY_UISupportedInterfaceOrientations = UIInterfaceOrientationPortrait;
				INFOPLIST_KEY_UISupportedInterfaceOrientations_iPad = "UIInterfaceOrientationLandscapeLeft UIInterfaceOrientationLandscapeRight UIInterfaceOrientationPortrait UIInterfaceOrientationPortraitUpsideDown";
				IPHONEOS_DEPLOYMENT_TARGET = 16.0;
				LD_RUNPATH_SEARCH_PATHS = (
					"$(inherited)",
					"@executable_path/Frameworks",
				);
				MARKETING_VERSION = 1.0;
				PRODUCT_BUNDLE_IDENTIFIER = "com.junghoon.App-Store";
				PRODUCT_NAME = "$(TARGET_NAME)";
				SUPPORTED_PLATFORMS = "iphoneos iphonesimulator";
				SUPPORTS_MACCATALYST = NO;
				SUPPORTS_MAC_DESIGNED_FOR_IPHONE_IPAD = NO;
				SWIFT_EMIT_LOC_STRINGS = YES;
				SWIFT_VERSION = 5.0;
				TARGETED_DEVICE_FAMILY = 1;
			};
			name = Release;
		};
/* End XCBuildConfiguration section */

/* Begin XCConfigurationList section */
		78728F3D2AF8F75900F13F46 /* Build configuration list for PBXProject "App_Store" */ = {
			isa = XCConfigurationList;
			buildConfigurations = (
				78728F542AF8F75B00F13F46 /* Debug */,
				78728F552AF8F75B00F13F46 /* Release */,
			);
			defaultConfigurationIsVisible = 0;
			defaultConfigurationName = Release;
		};
		78728F562AF8F75B00F13F46 /* Build configuration list for PBXNativeTarget "App_Store" */ = {
			isa = XCConfigurationList;
			buildConfigurations = (
				78728F572AF8F75B00F13F46 /* Debug */,
				78728F582AF8F75B00F13F46 /* Release */,
			);
			defaultConfigurationIsVisible = 0;
			defaultConfigurationName = Release;
		};
/* End XCConfigurationList section */
	};
	rootObject = 78728F3A2AF8F75900F13F46 /* Project object */;
}
